// !$*UTF8*$!
{
	archiveVersion = 1;
	classes = {
	};
	objectVersion = 46;
	objects = {

/* Begin PBXBuildFile section */
		6DDAE9041AB1FADB00C55F20 /* main.m in Sources */ = {isa = PBXBuildFile; fileRef = 6DDAE9031AB1FADB00C55F20 /* main.m */; };
		6DDAE90C1AB1FB5000C55F20 /* Doctor.m in Sources */ = {isa = PBXBuildFile; fileRef = 6DDAE90B1AB1FB5000C55F20 /* Doctor.m */; };
		6DDAE90F1AB1FB5F00C55F20 /* Patient.m in Sources */ = {isa = PBXBuildFile; fileRef = 6DDAE90E1AB1FB5F00C55F20 /* Patient.m */; };
/* End PBXBuildFile section */

/* Begin PBXCopyFilesBuildPhase section */
		6DDAE8FE1AB1FADB00C55F20 /* CopyFiles */ = {
			isa = PBXCopyFilesBuildPhase;
			buildActionMask = 2147483647;
			dstPath = /usr/share/man/man1/;
			dstSubfolderSpec = 0;
			files = (
			);
			runOnlyForDeploymentPostprocessing = 1;
		};
/* End PBXCopyFilesBuildPhase section */

/* Begin PBXFileReference section */
		6DDAE9001AB1FADB00C55F20 /* PlayingDoctor */ = {isa = PBXFileReference; explicitFileType = "compiled.mach-o.executable"; includeInIndex = 0; path = PlayingDoctor; sourceTree = BUILT_PRODUCTS_DIR; };
		6DDAE9031AB1FADB00C55F20 /* main.m */ = {isa = PBXFileReference; lastKnownFileType = sourcecode.c.objc; path = main.m; sourceTree = "<group>"; };
		6DDAE90A1AB1FB5000C55F20 /* Doctor.h */ = {isa = PBXFileReference; fileEncoding = 4; lastKnownFileType = sourcecode.c.h; path = Doctor.h; sourceTree = "<group>"; };
		6DDAE90B1AB1FB5000C55F20 /* Doctor.m */ = {isa = PBXFileReference; fileEncoding = 4; lastKnownFileType = sourcecode.c.objc; path = Doctor.m; sourceTree = "<group>"; };
		6DDAE90D1AB1FB5F00C55F20 /* Patient.h */ = {isa = PBXFileReference; fileEncoding = 4; lastKnownFileType = sourcecode.c.h; path = Patient.h; sourceTree = "<group>"; };
		6DDAE90E1AB1FB5F00C55F20 /* Patient.m */ = {isa = PBXFileReference; fileEncoding = 4; lastKnownFileType = sourcecode.c.objc; path = Patient.m; sourceTree = "<group>"; };
/* End PBXFileReference section */

/* Begin PBXFrameworksBuildPhase section */
		6DDAE8FD1AB1FADB00C55F20 /* Frameworks */ = {
			isa = PBXFrameworksBuildPhase;
			buildActionMask = 2147483647;
			files = (
			);
			runOnlyForDeploymentPostprocessing = 0;
		};
/* End PBXFrameworksBuildPhase section */

/* Begin PBXGroup section */
		6DDAE8F71AB1FADB00C55F20 = {
			isa = PBXGroup;
			children = (
				6DDAE9021AB1FADB00C55F20 /* PlayingDoctor */,
				6DDAE9011AB1FADB00C55F20 /* Products */,
			);
			sourceTree = "<group>";
		};
		6DDAE9011AB1FADB00C55F20 /* Products */ = {
			isa = PBXGroup;
			children = (
				6DDAE9001AB1FADB00C55F20 /* PlayingDoctor */,
			);
			name = Products;
			sourceTree = "<group>";
		};
		6DDAE9021AB1FADB00C55F20 /* PlayingDoctor */ = {
			isa = PBXGroup;
			children = (
				6DDAE9031AB1FADB00C55F20 /* main.m */,
				6DDAE90A1AB1FB5000C55F20 /* Doctor.h */,
				6DDAE90B1AB1FB5000C55F20 /* Doctor.m */,
				6DDAE90D1AB1FB5F00C55F20 /* Patient.h */,
				6DDAE90E1AB1FB5F00C55F20 /* Patient.m */,
			);
			path = PlayingDoctor;
			sourceTree = "<group>";
		};
/* End PBXGroup section */

/* Begin PBXNativeTarget section */
		6DDAE8FF1AB1FADB00C55F20 /* PlayingDoctor */ = {
			isa = PBXNativeTarget;
			buildConfigurationList = 6DDAE9071AB1FADB00C55F20 /* Build configuration list for PBXNativeTarget "PlayingDoctor" */;
			buildPhases = (
				6DDAE8FC1AB1FADB00C55F20 /* Sources */,
				6DDAE8FD1AB1FADB00C55F20 /* Frameworks */,
				6DDAE8FE1AB1FADB00C55F20 /* CopyFiles */,
			);
			buildRules = (
			);
			dependencies = (
			);
			name = PlayingDoctor;
			productName = PlayingDoctor;
			productReference = 6DDAE9001AB1FADB00C55F20 /* PlayingDoctor */;
			productType = "com.apple.product-type.tool";
		};
/* End PBXNativeTarget section */

/* Begin PBXProject section */
		6DDAE8F81AB1FADB00C55F20 /* Project object */ = {
			isa = PBXProject;
			attributes = {
				LastUpgradeCheck = 0620;
				ORGANIZATIONNAME = Jeffreycorp;
				TargetAttributes = {
					6DDAE8FF1AB1FADB00C55F20 = {
						CreatedOnToolsVersion = 6.2;
					};
				};
			};
			buildConfigurationList = 6DDAE8FB1AB1FADB00C55F20 /* Build configuration list for PBXProject "PlayingDoctor" */;
			compatibilityVersion = "Xcode 3.2";
			developmentRegion = English;
			hasScannedForEncodings = 0;
			knownRegions = (
				en,
			);
			mainGroup = 6DDAE8F71AB1FADB00C55F20;
			productRefGroup = 6DDAE9011AB1FADB00C55F20 /* Products */;
			projectDirPath = "";
			projectRoot = "";
			targets = (
				6DDAE8FF1AB1FADB00C55F20 /* PlayingDoctor */,
			);
		};
/* End PBXProject section */

/* Begin PBXSourcesBuildPhase section */
		6DDAE8FC1AB1FADB00C55F20 /* Sources */ = {
			isa = PBXSourcesBuildPhase;
			buildActionMask = 2147483647;
			files = (
				6DDAE90F1AB1FB5F00C55F20 /* Patient.m in Sources */,
				6DDAE90C1AB1FB5000C55F20 /* Doctor.m in Sources */,
				6DDAE9041AB1FADB00C55F20 /* main.m in Sources */,
			);
			runOnlyForDeploymentPostprocessing = 0;
		};
/* End PBXSourcesBuildPhase section */

/* Begin XCBuildConfiguration section */
		6DDAE9051AB1FADB00C55F20 /* Debug */ = {
			isa = XCBuildConfiguration;
			buildSettings = {
				ALWAYS_SEARCH_USER_PATHS = NO;
				CLANG_CXX_LANGUAGE_STANDARD = "gnu++0x";
				CLANG_CXX_LIBRARY = "libc++";
				CLANG_ENABLE_MODULES = YES;
				CLANG_ENABLE_OBJC_ARC = YES;
				CLANG_WARN_BOOL_CONVERSION = YES;
				CLANG_WARN_CONSTANT_CONVERSION = YES;
				CLANG_WARN_DIRECT_OBJC_ISA_USAGE = YES_ERROR;
				CLANG_WARN_EMPTY_BODY = YES;
				CLANG_WARN_ENUM_CONVERSION = YES;
				CLANG_WARN_INT_CONVERSION = YES;
				CLANG_WARN_OBJC_ROOT_CLASS = YES_ERROR;
				CLANG_WARN_UNREACHABLE_CODE = YES;
				CLANG_WARN__DUPLICATE_METHOD_MATCH = YES;
				COPY_PHASE_STRIP = NO;
				ENABLE_STRICT_OBJC_MSGSEND = YES;
				GCC_C_LANGUAGE_STANDARD = gnu99;
				GCC_DYNAMIC_NO_PIC = NO;
				GCC_OPTIMIZATION_LEVEL = 0;
				GCC_PREPROCESSOR_DEFINITIONS = (
					"DEBUG=1",
					"$(inherited)",
				);
				GCC_SYMBOLS_PRIVATE_EXTERN = NO;
				GCC_WARN_64_TO_32_BIT_CONVERSION = YES;
				GCC_WARN_ABOUT_RETURN_TYPE = YES_ERROR;
				GCC_WARN_UNDECLARED_SELECTOR = YES;
				GCC_WARN_UNINITIALIZED_AUTOS = YES_AGGRESSIVE;
				GCC_WARN_UNUSED_FUNCTION = YES;
				GCC_WARN_UNUSED_VARIABLE = YES;
				MACOSX_DEPLOYMENT_TARGET = 10.10;
				MTL_ENABLE_DEBUG_INFO = YES;
				ONLY_ACTIVE_ARCH = YES;
				SDKROOT = macosx;
			};
			name = Debug;
		};
		6DDAE9061AB1FADB00C55F20 /* Release */ = {
			isa = XCBuildConfiguration;
			buildSettings = {
				ALWAYS_SEARCH_USER_PATHS = NO;
				CLANG_CXX_LANGUAGE_STANDARD = "gnu++0x";
				CLANG_CXX_LIBRARY = "libc++";
				CLANG_ENABLE_MODULES = YES;
				CLANG_ENABLE_OBJC_ARC = YES;
				CLANG_WARN_BOOL_CONVERSION = YES;
				CLANG_WARN_CONSTANT_CONVERSION = YES;
				CLANG_WARN_DIRECT_OBJC_ISA_USAGE = YES_ERROR;
				CLANG_WARN_EMPTY_BODY = YES;
				CLANG_WARN_ENUM_CONVERSION = YES;
				CLANG_WARN_INT_CONVERSION = YES;
				CLANG_WARN_OBJC_ROOT_CLASS = YES_ERROR;
				CLANG_WARN_UNREACHABLE_CODE = YES;
				CLANG_WARN__DUPLICATE_METHOD_MATCH = YES;
				COPY_PHASE_STRIP = NO;
				DEBUG_INFORMATION_FORMAT = "dwarf-with-dsym";
				ENABLE_NS_ASSERTIONS = NO;
				ENABLE_STRICT_OBJC_MSGSEND = YES;
				GCC_C_LANGUAGE_STANDARD = gnu99;
				GCC_WARN_64_TO_32_BIT_CONVERSION = YES;
				GCC_WARN_ABOUT_RETURN_TYPE = YES_ERROR;
				GCC_WARN_UNDECLARED_SELECTOR = YES;
				GCC_WARN_UNINITIALIZED_AUTOS = YES_AGGRESSIVE;
				GCC_WARN_UNUSED_FUNCTION = YES;
				GCC_WARN_UNUSED_VARIABLE = YES;
				MACOSX_DEPLOYMENT_TARGET = 10.10;
				MTL_ENABLE_DEBUG_INFO = NO;
				SDKROOT = macosx;
			};
			name = Release;
		};
		6DDAE9081AB1FADB00C55F20 /* Debug */ = {
			isa = XCBuildConfiguration;
			buildSettings = {
				PRODUCT_NAME = "$(TARGET_NAME)";
			};
			name = Debug;
		};
		6DDAE9091AB1FADB00C55F20 /* Release */ = {
			isa = XCBuildConfiguration;
			buildSettings = {
				PRODUCT_NAME = "$(TARGET_NAME)";
			};
			name = Release;
		};
/* End XCBuildConfiguration section */

/* Begin XCConfigurationList section */
		6DDAE8FB1AB1FADB00C55F20 /* Build configuration list for PBXProject "PlayingDoctor" */ = {
			isa = XCConfigurationList;
			buildConfigurations = (
				6DDAE9051AB1FADB00C55F20 /* Debug */,
				6DDAE9061AB1FADB00C55F20 /* Release */,
			);
			defaultConfigurationIsVisible = 0;
			defaultConfigurationName = Release;
		};
		6DDAE9071AB1FADB00C55F20 /* Build configuration list for PBXNativeTarget "PlayingDoctor" */ = {
			isa = XCConfigurationList;
			buildConfigurations = (
				6DDAE9081AB1FADB00C55F20 /* Debug */,
				6DDAE9091AB1FADB00C55F20 /* Release */,
			);
			defaultConfigurationIsVisible = 0;
		};
/* End XCConfigurationList section */
	};
	rootObject = 6DDAE8F81AB1FADB00C55F20 /* Project object */;
}
